
Microsoft Visual Studio Solution File, Format Version 12.00
# Visual Studio Version 16
VisualStudioVersion = 16.0.32106.194
MinimumVisualStudioVersion = 10.0.40219.1
Project("{FAE04EC0-301F-11D3-BF4B-00C04F79EFBC}") = "SDBISAutomationSolution", "SDBISAutomationSolution\SDBISAutomationSolution.csproj", "{D50535DD-380C-41B9-BD98-8AF9BF3807EF}"
EndProject
Global
	GlobalSection(SolutionConfigurationPlatforms) = preSolution
		Debug|Any CPU = Debug|Any CPU
		Release|Any CPU = Release|Any CPU
	EndGlobalSection
	GlobalSection(ProjectConfigurationPlatforms) = postSolution
		{D50535DD-380C-41B9-BD98-8AF9BF3807EF}.Debug|Any CPU.ActiveCfg = Debug|Any CPU
		{D50535DD-380C-41B9-BD98-8AF9BF3807EF}.Debug|Any CPU.Build.0 = Debug|Any CPU
		{D50535DD-380C-41B9-BD98-8AF9BF3807EF}.Release|Any CPU.ActiveCfg = Release|Any CPU
		{D50535DD-380C-41B9-BD98-8AF9BF3807EF}.Release|Any CPU.Build.0 = Release|Any CPU
	EndGlobalSection
	GlobalSection(SolutionProperties) = preSolution
		HideSolutionNode = FALSE
	EndGlobalSection
	GlobalSection(ExtensibilityGlobals) = postSolution
		SolutionGuid = {5147A372-EF9A-4CD4-82C5-B27C4D652FF1}
	EndGlobalSection
EndGlobal
